
Microsoft Visual Studio Solution File, Format Version 12.00
# Visual Studio Version 17
VisualStudioVersion = 17.1.32414.318
MinimumVisualStudioVersion = 10.0.40219.1
Project("{FAE04EC0-301F-11D3-BF4B-00C04F79EFBC}") = "RPA", "RPA\RPA.csproj", "{3AB01B8A-C294-40F1-A0F2-4D0DCC3D3A11}"
EndProject
Global
	GlobalSection(SolutionConfigurationPlatforms) = preSolution
		Debug|Any CPU = Debug|Any CPU
		Release|Any CPU = Release|Any CPU
	EndGlobalSection
	GlobalSection(ProjectConfigurationPlatforms) = postSolution
		{3AB01B8A-C294-40F1-A0F2-4D0DCC3D3A11}.Debug|Any CPU.ActiveCfg = Debug|Any CPU
		{3AB01B8A-C294-40F1-A0F2-4D0DCC3D3A11}.Debug|Any CPU.Build.0 = Debug|Any CPU
		{3AB01B8A-C294-40F1-A0F2-4D0DCC3D3A11}.Release|Any CPU.ActiveCfg = Release|Any CPU
		{3AB01B8A-C294-40F1-A0F2-4D0DCC3D3A11}.Release|Any CPU.Build.0 = Release|Any CPU
	EndGlobalSection
	GlobalSection(SolutionProperties) = preSolution
		HideSolutionNode = FALSE
	EndGlobalSection
	GlobalSection(ExtensibilityGlobals) = postSolution
		SolutionGuid = {82A238B4-4FDC-42DB-9AC0-D1853B885C04}
	EndGlobalSection
EndGlobal
